// !$*UTF8*$!
{
	archiveVersion = 1;
	classes = {
	};
	objectVersion = 46;
	objects = {

/* Begin PBXBuildFile section */
		6226FDBE1B8FEECB003964A8 /* main.m in Sources */ = {isa = PBXBuildFile; fileRef = 6226FDBD1B8FEECB003964A8 /* main.m */; };
		6226FDC11B8FEECB003964A8 /* AppDelegate.m in Sources */ = {isa = PBXBuildFile; fileRef = 6226FDC01B8FEECB003964A8 /* AppDelegate.m */; };
		6226FDC41B8FEECB003964A8 /* ViewController.m in Sources */ = {isa = PBXBuildFile; fileRef = 6226FDC31B8FEECB003964A8 /* ViewController.m */; };
		6226FDC71B8FEECB003964A8 /* Main.storyboard in Resources */ = {isa = PBXBuildFile; fileRef = 6226FDC51B8FEECB003964A8 /* Main.storyboard */; };
		6226FDC91B8FEECB003964A8 /* Images.xcassets in Resources */ = {isa = PBXBuildFile; fileRef = 6226FDC81B8FEECB003964A8 /* Images.xcassets */; };
		6226FDCC1B8FEECB003964A8 /* LaunchScreen.xib in Resources */ = {isa = PBXBuildFile; fileRef = 6226FDCA1B8FEECB003964A8 /* LaunchScreen.xib */; };
		6226FDD81B8FEECB003964A8 /* exerciseTests.m in Sources */ = {isa = PBXBuildFile; fileRef = 6226FDD71B8FEECB003964A8 /* exerciseTests.m */; };
		6226FDED1B8FEF7B003964A8 /* FMDatabase.m in Sources */ = {isa = PBXBuildFile; fileRef = 6226FDE31B8FEF7B003964A8 /* FMDatabase.m */; };
		6226FDEE1B8FEF7B003964A8 /* FMDatabaseAdditions.m in Sources */ = {isa = PBXBuildFile; fileRef = 6226FDE51B8FEF7B003964A8 /* FMDatabaseAdditions.m */; };
		6226FDEF1B8FEF7B003964A8 /* FMDatabasePool.m in Sources */ = {isa = PBXBuildFile; fileRef = 6226FDE71B8FEF7B003964A8 /* FMDatabasePool.m */; };
		6226FDF01B8FEF7B003964A8 /* FMDatabaseQueue.m in Sources */ = {isa = PBXBuildFile; fileRef = 6226FDE91B8FEF7B003964A8 /* FMDatabaseQueue.m */; };
		6226FDF11B8FEF7B003964A8 /* FMResultSet.m in Sources */ = {isa = PBXBuildFile; fileRef = 6226FDEC1B8FEF7B003964A8 /* FMResultSet.m */; };
		6226FDF31B8FEFB1003964A8 /* libsqlite3.dylib in Frameworks */ = {isa = PBXBuildFile; fileRef = 6226FDF21B8FEFB1003964A8 /* libsqlite3.dylib */; };
/* End PBXBuildFile section */

/* Begin PBXContainerItemProxy section */
		6226FDD21B8FEECB003964A8 /* PBXContainerItemProxy */ = {
			isa = PBXContainerItemProxy;
			containerPortal = 6226FDB01B8FEECB003964A8 /* Project object */;
			proxyType = 1;
			remoteGlobalIDString = 6226FDB71B8FEECB003964A8;
			remoteInfo = exercise;
		};
/* End PBXContainerItemProxy section */

/* Begin PBXFileReference section */
		6226FDB81B8FEECB003964A8 /* exercise.app */ = {isa = PBXFileReference; explicitFileType = wrapper.application; includeInIndex = 0; path = exercise.app; sourceTree = BUILT_PRODUCTS_DIR; };
		6226FDBC1B8FEECB003964A8 /* Info.plist */ = {isa = PBXFileReference; lastKnownFileType = text.plist.xml; path = Info.plist; sourceTree = "<group>"; };
		6226FDBD1B8FEECB003964A8 /* main.m */ = {isa = PBXFileReference; lastKnownFileType = sourcecode.c.objc; path = main.m; sourceTree = "<group>"; };
		6226FDBF1B8FEECB003964A8 /* AppDelegate.h */ = {isa = PBXFileReference; lastKnownFileType = sourcecode.c.h; path = AppDelegate.h; sourceTree = "<group>"; };
		6226FDC01B8FEECB003964A8 /* AppDelegate.m */ = {isa = PBXFileReference; lastKnownFileType = sourcecode.c.objc; path = AppDelegate.m; sourceTree = "<group>"; };
		6226FDC21B8FEECB003964A8 /* ViewController.h */ = {isa = PBXFileReference; lastKnownFileType = sourcecode.c.h; path = ViewController.h; sourceTree = "<group>"; };
		6226FDC31B8FEECB003964A8 /* ViewController.m */ = {isa = PBXFileReference; lastKnownFileType = sourcecode.c.objc; path = ViewController.m; sourceTree = "<group>"; };
		6226FDC61B8FEECB003964A8 /* Base */ = {isa = PBXFileReference; lastKnownFileType = file.storyboard; name = Base; path = Base.lproj/Main.storyboard; sourceTree = "<group>"; };
		6226FDC81B8FEECB003964A8 /* Images.xcassets */ = {isa = PBXFileReference; lastKnownFileType = folder.assetcatalog; path = Images.xcassets; sourceTree = "<group>"; };
		6226FDCB1B8FEECB003964A8 /* Base */ = {isa = PBXFileReference; lastKnownFileType = file.xib; name = Base; path = Base.lproj/LaunchScreen.xib; sourceTree = "<group>"; };
		6226FDD11B8FEECB003964A8 /* exerciseTests.xctest */ = {isa = PBXFileReference; explicitFileType = wrapper.cfbundle; includeInIndex = 0; path = exerciseTests.xctest; sourceTree = BUILT_PRODUCTS_DIR; };
		6226FDD61B8FEECB003964A8 /* Info.plist */ = {isa = PBXFileReference; lastKnownFileType = text.plist.xml; path = Info.plist; sourceTree = "<group>"; };
		6226FDD71B8FEECB003964A8 /* exerciseTests.m */ = {isa = PBXFileReference; lastKnownFileType = sourcecode.c.objc; path = exerciseTests.m; sourceTree = "<group>"; };
		6226FDE21B8FEF7B003964A8 /* FMDatabase.h */ = {isa = PBXFileReference; fileEncoding = 4; lastKnownFileType = sourcecode.c.h; path = FMDatabase.h; sourceTree = "<group>"; };
		6226FDE31B8FEF7B003964A8 /* FMDatabase.m */ = {isa = PBXFileReference; fileEncoding = 4; lastKnownFileType = sourcecode.c.objc; path = FMDatabase.m; sourceTree = "<group>"; };
		6226FDE41B8FEF7B003964A8 /* FMDatabaseAdditions.h */ = {isa = PBXFileReference; fileEncoding = 4; lastKnownFileType = sourcecode.c.h; path = FMDatabaseAdditions.h; sourceTree = "<group>"; };
		6226FDE51B8FEF7B003964A8 /* FMDatabaseAdditions.m */ = {isa = PBXFileReference; fileEncoding = 4; lastKnownFileType = sourcecode.c.objc; path = FMDatabaseAdditions.m; sourceTree = "<group>"; };
		6226FDE61B8FEF7B003964A8 /* FMDatabasePool.h */ = {isa = PBXFileReference; fileEncoding = 4; lastKnownFileType = sourcecode.c.h; path = FMDatabasePool.h; sourceTree = "<group>"; };
		6226FDE71B8FEF7B003964A8 /* FMDatabasePool.m */ = {isa = PBXFileReference; fileEncoding = 4; lastKnownFileType = sourcecode.c.objc; path = FMDatabasePool.m; sourceTree = "<group>"; };
		6226FDE81B8FEF7B003964A8 /* FMDatabaseQueue.h */ = {isa = PBXFileReference; fileEncoding = 4; lastKnownFileType = sourcecode.c.h; path = FMDatabaseQueue.h; sourceTree = "<group>"; };
		6226FDE91B8FEF7B003964A8 /* FMDatabaseQueue.m */ = {isa = PBXFileReference; fileEncoding = 4; lastKnownFileType = sourcecode.c.objc; path = FMDatabaseQueue.m; sourceTree = "<group>"; };
		6226FDEA1B8FEF7B003964A8 /* FMDB.h */ = {isa = PBXFileReference; fileEncoding = 4; lastKnownFileType = sourcecode.c.h; path = FMDB.h; sourceTree = "<group>"; };
		6226FDEB1B8FEF7B003964A8 /* FMResultSet.h */ = {isa = PBXFileReference; fileEncoding = 4; lastKnownFileType = sourcecode.c.h; path = FMResultSet.h; sourceTree = "<group>"; };
		6226FDEC1B8FEF7B003964A8 /* FMResultSet.m */ = {isa = PBXFileReference; fileEncoding = 4; lastKnownFileType = sourcecode.c.objc; path = FMResultSet.m; sourceTree = "<group>"; };
		6226FDF21B8FEFB1003964A8 /* libsqlite3.dylib */ = {isa = PBXFileReference; lastKnownFileType = "compiled.mach-o.dylib"; name = libsqlite3.dylib; path = usr/lib/libsqlite3.dylib; sourceTree = SDKROOT; };
/* End PBXFileReference section */

/* Begin PBXFrameworksBuildPhase section */
		6226FDB51B8FEECB003964A8 /* Frameworks */ = {
			isa = PBXFrameworksBuildPhase;
			buildActionMask = 2147483647;
			files = (
				6226FDF31B8FEFB1003964A8 /* libsqlite3.dylib in Frameworks */,
			);
			runOnlyForDeploymentPostprocessing = 0;
		};
		6226FDCE1B8FEECB003964A8 /* Frameworks */ = {
			isa = PBXFrameworksBuildPhase;
			buildActionMask = 2147483647;
			files = (
			);
			runOnlyForDeploymentPostprocessing = 0;
		};
/* End PBXFrameworksBuildPhase section */

/* Begin PBXGroup section */
		6226FDAF1B8FEECB003964A8 = {
			isa = PBXGroup;
			children = (
				6226FDF21B8FEFB1003964A8 /* libsqlite3.dylib */,
				6226FDBA1B8FEECB003964A8 /* exercise */,
				6226FDD41B8FEECB003964A8 /* exerciseTests */,
				6226FDB91B8FEECB003964A8 /* Products */,
			);
			sourceTree = "<group>";
		};
		6226FDB91B8FEECB003964A8 /* Products */ = {
			isa = PBXGroup;
			children = (
				6226FDB81B8FEECB003964A8 /* exercise.app */,
				6226FDD11B8FEECB003964A8 /* exerciseTests.xctest */,
			);
			name = Products;
			sourceTree = "<group>";
		};
		6226FDBA1B8FEECB003964A8 /* exercise */ = {
			isa = PBXGroup;
			children = (
				6226FDE11B8FEF7B003964A8 /* fmdb */,
				6226FDBF1B8FEECB003964A8 /* AppDelegate.h */,
				6226FDC01B8FEECB003964A8 /* AppDelegate.m */,
				6226FDC21B8FEECB003964A8 /* ViewController.h */,
				6226FDC31B8FEECB003964A8 /* ViewController.m */,
				6226FDC51B8FEECB003964A8 /* Main.storyboard */,
				6226FDC81B8FEECB003964A8 /* Images.xcassets */,
				6226FDCA1B8FEECB003964A8 /* LaunchScreen.xib */,
				6226FDBB1B8FEECB003964A8 /* Supporting Files */,
			);
			path = exercise;
			sourceTree = "<group>";
		};
		6226FDBB1B8FEECB003964A8 /* Supporting Files */ = {
			isa = PBXGroup;
			children = (
				6226FDBC1B8FEECB003964A8 /* Info.plist */,
				6226FDBD1B8FEECB003964A8 /* main.m */,
			);
			name = "Supporting Files";
			sourceTree = "<group>";
		};
		6226FDD41B8FEECB003964A8 /* exerciseTests */ = {
			isa = PBXGroup;
			children = (
				6226FDD71B8FEECB003964A8 /* exerciseTests.m */,
				6226FDD51B8FEECB003964A8 /* Supporting Files */,
			);
			path = exerciseTests;
			sourceTree = "<group>";
		};
		6226FDD51B8FEECB003964A8 /* Supporting Files */ = {
			isa = PBXGroup;
			children = (
				6226FDD61B8FEECB003964A8 /* Info.plist */,
			);
			name = "Supporting Files";
			sourceTree = "<group>";
		};
		6226FDE11B8FEF7B003964A8 /* fmdb */ = {
			isa = PBXGroup;
			children = (
				6226FDE21B8FEF7B003964A8 /* FMDatabase.h */,
				6226FDE31B8FEF7B003964A8 /* FMDatabase.m */,
				6226FDE41B8FEF7B003964A8 /* FMDatabaseAdditions.h */,
				6226FDE51B8FEF7B003964A8 /* FMDatabaseAdditions.m */,
				6226FDE61B8FEF7B003964A8 /* FMDatabasePool.h */,
				6226FDE71B8FEF7B003964A8 /* FMDatabasePool.m */,
				6226FDE81B8FEF7B003964A8 /* FMDatabaseQueue.h */,
				6226FDE91B8FEF7B003964A8 /* FMDatabaseQueue.m */,
				6226FDEA1B8FEF7B003964A8 /* FMDB.h */,
				6226FDEB1B8FEF7B003964A8 /* FMResultSet.h */,
				6226FDEC1B8FEF7B003964A8 /* FMResultSet.m */,
			);
			path = fmdb;
			sourceTree = "<group>";
		};
/* End PBXGroup section */

/* Begin PBXNativeTarget section */
		6226FDB71B8FEECB003964A8 /* exercise */ = {
			isa = PBXNativeTarget;
			buildConfigurationList = 6226FDDB1B8FEECB003964A8 /* Build configuration list for PBXNativeTarget "exercise" */;
			buildPhases = (
				6226FDB41B8FEECB003964A8 /* Sources */,
				6226FDB51B8FEECB003964A8 /* Frameworks */,
				6226FDB61B8FEECB003964A8 /* Resources */,
			);
			buildRules = (
			);
			dependencies = (
			);
			name = exercise;
			productName = exercise;
			productReference = 6226FDB81B8FEECB003964A8 /* exercise.app */;
			productType = "com.apple.product-type.application";
		};
		6226FDD01B8FEECB003964A8 /* exerciseTests */ = {
			isa = PBXNativeTarget;
			buildConfigurationList = 6226FDDE1B8FEECB003964A8 /* Build configuration list for PBXNativeTarget "exerciseTests" */;
			buildPhases = (
				6226FDCD1B8FEECB003964A8 /* Sources */,
				6226FDCE1B8FEECB003964A8 /* Frameworks */,
				6226FDCF1B8FEECB003964A8 /* Resources */,
			);
			buildRules = (
			);
			dependencies = (
				6226FDD31B8FEECB003964A8 /* PBXTargetDependency */,
			);
			name = exerciseTests;
			productName = exerciseTests;
			productReference = 6226FDD11B8FEECB003964A8 /* exerciseTests.xctest */;
			productType = "com.apple.product-type.bundle.unit-test";
		};
/* End PBXNativeTarget section */

/* Begin PBXProject section */
		6226FDB01B8FEECB003964A8 /* Project object */ = {
			isa = PBXProject;
			attributes = {
				LastUpgradeCheck = 0640;
				ORGANIZATIONNAME = My;
				TargetAttributes = {
					6226FDB71B8FEECB003964A8 = {
						CreatedOnToolsVersion = 6.4;
					};
					6226FDD01B8FEECB003964A8 = {
						CreatedOnToolsVersion = 6.4;
						TestTargetID = 6226FDB71B8FEECB003964A8;
					};
				};
			};
			buildConfigurationList = 6226FDB31B8FEECB003964A8 /* Build configuration list for PBXProject "exercise" */;
			compatibilityVersion = "Xcode 3.2";
			developmentRegion = English;
			hasScannedForEncodings = 0;
			knownRegions = (
				en,
				Base,
			);
			mainGroup = 6226FDAF1B8FEECB003964A8;
			productRefGroup = 6226FDB91B8FEECB003964A8 /* Products */;
			projectDirPath = "";
			projectRoot = "";
			targets = (
				6226FDB71B8FEECB003964A8 /* exercise */,
				6226FDD01B8FEECB003964A8 /* exerciseTests */,
			);
		};
/* End PBXProject section */

/* Begin PBXResourcesBuildPhase section */
		6226FDB61B8FEECB003964A8 /* Resources */ = {
			isa = PBXResourcesBuildPhase;
			buildActionMask = 2147483647;
			files = (
				6226FDC71B8FEECB003964A8 /* Main.storyboard in Resources */,
				6226FDCC1B8FEECB003964A8 /* LaunchScreen.xib in Resources */,
				6226FDC91B8FEECB003964A8 /* Images.xcassets in Resources */,
			);
			runOnlyForDeploymentPostprocessing = 0;
		};
		6226FDCF1B8FEECB003964A8 /* Resources */ = {
			isa = PBXResourcesBuildPhase;
			buildActionMask = 2147483647;
			files = (
			);
			runOnlyForDeploymentPostprocessing = 0;
		};
/* End PBXResourcesBuildPhase section */

/* Begin PBXSourcesBuildPhase section */
		6226FDB41B8FEECB003964A8 /* Sources */ = {
			isa = PBXSourcesBuildPhase;
			buildActionMask = 2147483647;
			files = (
				6226FDC41B8FEECB003964A8 /* ViewController.m in Sources */,
				6226FDEF1B8FEF7B003964A8 /* FMDatabasePool.m in Sources */,
				6226FDC11B8FEECB003964A8 /* AppDelegate.m in Sources */,
				6226FDF01B8FEF7B003964A8 /* FMDatabaseQueue.m in Sources */,
				6226FDBE1B8FEECB003964A8 /* main.m in Sources */,
				6226FDED1B8FEF7B003964A8 /* FMDatabase.m in Sources */,
				6226FDF11B8FEF7B003964A8 /* FMResultSet.m in Sources */,
				6226FDEE1B8FEF7B003964A8 /* FMDatabaseAdditions.m in Sources */,
			);
			runOnlyForDeploymentPostprocessing = 0;
		};
		6226FDCD1B8FEECB003964A8 /* Sources */ = {
			isa = PBXSourcesBuildPhase;
			buildActionMask = 2147483647;
			files = (
				6226FDD81B8FEECB003964A8 /* exerciseTests.m in Sources */,
			);
			runOnlyForDeploymentPostprocessing = 0;
		};
/* End PBXSourcesBuildPhase section */

/* Begin PBXTargetDependency section */
		6226FDD31B8FEECB003964A8 /* PBXTargetDependency */ = {
			isa = PBXTargetDependency;
			target = 6226FDB71B8FEECB003964A8 /* exercise */;
			targetProxy = 6226FDD21B8FEECB003964A8 /* PBXContainerItemProxy */;
		};
/* End PBXTargetDependency section */

/* Begin PBXVariantGroup section */
		6226FDC51B8FEECB003964A8 /* Main.storyboard */ = {
			isa = PBXVariantGroup;
			children = (
				6226FDC61B8FEECB003964A8 /* Base */,
			);
			name = Main.storyboard;
			sourceTree = "<group>";
		};
		6226FDCA1B8FEECB003964A8 /* LaunchScreen.xib */ = {
			isa = PBXVariantGroup;
			children = (
				6226FDCB1B8FEECB003964A8 /* Base */,
			);
			name = LaunchScreen.xib;
			sourceTree = "<group>";
		};
/* End PBXVariantGroup section */

/* Begin XCBuildConfiguration section */
		6226FDD91B8FEECB003964A8 /* Debug */ = {
			isa = XCBuildConfiguration;
			buildSettings = {
				ALWAYS_SEARCH_USER_PATHS = NO;
				CLANG_CXX_LANGUAGE_STANDARD = "gnu++0x";
				CLANG_CXX_LIBRARY = "libc++";
				CLANG_ENABLE_MODULES = YES;
				CLANG_ENABLE_OBJC_ARC = YES;
				CLANG_WARN_BOOL_CONVERSION = YES;
				CLANG_WARN_CONSTANT_CONVERSION = YES;
				CLANG_WARN_DIRECT_OBJC_ISA_USAGE = YES_ERROR;
				CLANG_WARN_EMPTY_BODY = YES;
				CLANG_WARN_ENUM_CONVERSION = YES;
				CLANG_WARN_INT_CONVERSION = YES;
				CLANG_WARN_OBJC_ROOT_CLASS = YES_ERROR;
				CLANG_WARN_UNREACHABLE_CODE = YES;
				CLANG_WARN__DUPLICATE_METHOD_MATCH = YES;
				"CODE_SIGN_IDENTITY[sdk=iphoneos*]" = "iPhone Developer";
				COPY_PHASE_STRIP = NO;
				DEBUG_INFORMATION_FORMAT = "dwarf-with-dsym";
				ENABLE_STRICT_OBJC_MSGSEND = YES;
				GCC_C_LANGUAGE_STANDARD = gnu99;
				GCC_DYNAMIC_NO_PIC = NO;
				GCC_NO_COMMON_BLOCKS = YES;
				GCC_OPTIMIZATION_LEVEL = 0;
				GCC_PREPROCESSOR_DEFINITIONS = (
					"DEBUG=1",
					"$(inherited)",
				);
				GCC_SYMBOLS_PRIVATE_EXTERN = NO;
				GCC_WARN_64_TO_32_BIT_CONVERSION = YES;
				GCC_WARN_ABOUT_RETURN_TYPE = YES_ERROR;
				GCC_WARN_UNDECLARED_SELECTOR = YES;
				GCC_WARN_UNINITIALIZED_AUTOS = YES_AGGRESSIVE;
				GCC_WARN_UNUSED_FUNCTION = YES;
				GCC_WARN_UNUSED_VARIABLE = YES;
				IPHONEOS_DEPLOYMENT_TARGET = 8.4;
				MTL_ENABLE_DEBUG_INFO = YES;
				ONLY_ACTIVE_ARCH = YES;
				SDKROOT = iphoneos;
			};
			name = Debug;
		};
		6226FDDA1B8FEECB003964A8 /* Release */ = {
			isa = XCBuildConfiguration;
			buildSettings = {
				ALWAYS_SEARCH_USER_PATHS = NO;
				CLANG_CXX_LANGUAGE_STANDARD = "gnu++0x";
				CLANG_CXX_LIBRARY = "libc++";
				CLANG_ENABLE_MODULES = YES;
				CLANG_ENABLE_OBJC_ARC = YES;
				CLANG_WARN_BOOL_CONVERSION = YES;
				CLANG_WARN_CONSTANT_CONVERSION = YES;
				CLANG_WARN_DIRECT_OBJC_ISA_USAGE = YES_ERROR;
				CLANG_WARN_EMPTY_BODY = YES;
				CLANG_WARN_ENUM_CONVERSION = YES;
				CLANG_WARN_INT_CONVERSION = YES;
				CLANG_WARN_OBJC_ROOT_CLASS = YES_ERROR;
				CLANG_WARN_UNREACHABLE_CODE = YES;
				CLANG_WARN__DUPLICATE_METHOD_MATCH = YES;
				"CODE_SIGN_IDENTITY[sdk=iphoneos*]" = "iPhone Developer";
				COPY_PHASE_STRIP = NO;
				DEBUG_INFORMATION_FORMAT = "dwarf-with-dsym";
				ENABLE_NS_ASSERTIONS = NO;
				ENABLE_STRICT_OBJC_MSGSEND = YES;
				GCC_C_LANGUAGE_STANDARD = gnu99;
				GCC_NO_COMMON_BLOCKS = YES;
				GCC_WARN_64_TO_32_BIT_CONVERSION = YES;
				GCC_WARN_ABOUT_RETURN_TYPE = YES_ERROR;
				GCC_WARN_UNDECLARED_SELECTOR = YES;
				GCC_WARN_UNINITIALIZED_AUTOS = YES_AGGRESSIVE;
				GCC_WARN_UNUSED_FUNCTION = YES;
				GCC_WARN_UNUSED_VARIABLE = YES;
				IPHONEOS_DEPLOYMENT_TARGET = 8.4;
				MTL_ENABLE_DEBUG_INFO = NO;
				SDKROOT = iphoneos;
				VALIDATE_PRODUCT = YES;
			};
			name = Release;
		};
		6226FDDC1B8FEECB003964A8 /* Debug */ = {
			isa = XCBuildConfiguration;
			buildSettings = {
				ASSETCATALOG_COMPILER_APPICON_NAME = AppIcon;
				INFOPLIST_FILE = exercise/Info.plist;
				LD_RUNPATH_SEARCH_PATHS = "$(inherited) @executable_path/Frameworks";
				PRODUCT_NAME = "$(TARGET_NAME)";
			};
			name = Debug;
		};
		6226FDDD1B8FEECB003964A8 /* Release */ = {
			isa = XCBuildConfiguration;
			buildSettings = {
				ASSETCATALOG_COMPILER_APPICON_NAME = AppIcon;
				INFOPLIST_FILE = exercise/Info.plist;
				LD_RUNPATH_SEARCH_PATHS = "$(inherited) @executable_path/Frameworks";
				PRODUCT_NAME = "$(TARGET_NAME)";
			};
			name = Release;
		};
		6226FDDF1B8FEECB003964A8 /* Debug */ = {
			isa = XCBuildConfiguration;
			buildSettings = {
				BUNDLE_LOADER = "$(TEST_HOST)";
				FRAMEWORK_SEARCH_PATHS = (
					"$(SDKROOT)/Developer/Library/Frameworks",
					"$(inherited)",
				);
				GCC_PREPROCESSOR_DEFINITIONS = (
					"DEBUG=1",
					"$(inherited)",
				);
				INFOPLIST_FILE = exerciseTests/Info.plist;
				LD_RUNPATH_SEARCH_PATHS = "$(inherited) @executable_path/Frameworks @loader_path/Frameworks";
				PRODUCT_NAME = "$(TARGET_NAME)";
				TEST_HOST = "$(BUILT_PRODUCTS_DIR)/exercise.app/exercise";
			};
			name = Debug;
		};
		6226FDE01B8FEECB003964A8 /* Release */ = {
			isa = XCBuildConfiguration;
			buildSettings = {
				BUNDLE_LOADER = "$(TEST_HOST)";
				FRAMEWORK_SEARCH_PATHS = (
					"$(SDKROOT)/Developer/Library/Frameworks",
					"$(inherited)",
				);
				INFOPLIST_FILE = exerciseTests/Info.plist;
				LD_RUNPATH_SEARCH_PATHS = "$(inherited) @executable_path/Frameworks @loader_path/Frameworks";
				PRODUCT_NAME = "$(TARGET_NAME)";
				TEST_HOST = "$(BUILT_PRODUCTS_DIR)/exercise.app/exercise";
			};
			name = Release;
		};
/* End XCBuildConfiguration section */

/* Begin XCConfigurationList section */
		6226FDB31B8FEECB003964A8 /* Build configuration list for PBXProject "exercise" */ = {
			isa = XCConfigurationList;
			buildConfigurations = (
				6226FDD91B8FEECB003964A8 /* Debug */,
				6226FDDA1B8FEECB003964A8 /* Release */,
			);
			defaultConfigurationIsVisible = 0;
			defaultConfigurationName = Release;
		};
		6226FDDB1B8FEECB003964A8 /* Build configuration list for PBXNativeTarget "exercise" */ = {
			isa = XCConfigurationList;
			buildConfigurations = (
				6226FDDC1B8FEECB003964A8 /* Debug */,
				6226FDDD1B8FEECB003964A8 /* Release */,
			);
			defaultConfigurationIsVisible = 0;
		};
		6226FDDE1B8FEECB003964A8 /* Build configuration list for PBXNativeTarget "exerciseTests" */ = {
			isa = XCConfigurationList;
			buildConfigurations = (
				6226FDDF1B8FEECB003964A8 /* Debug */,
				6226FDE01B8FEECB003964A8 /* Release */,
			);
			defaultConfigurationIsVisible = 0;
		};
/* End XCConfigurationList section */
	};
	rootObject = 6226FDB01B8FEECB003964A8 /* Project object */;
}
